
Microsoft Visual Studio Solution File, Format Version 12.00
# Visual Studio Version 16
VisualStudioVersion = 16.0.33801.447
MinimumVisualStudioVersion = 10.0.40219.1
Project("{FAE04EC0-301F-11D3-BF4B-00C04F79EFBC}") = "ViewFiles_ajax_response_dotnet_framework4.7.2", "ViewFiles_ajax_response_dotnet_framework4.7.2\ViewFiles_ajax_response_dotnet_framework4.7.2.csproj", "{14CF0349-0A79-4FF3-B3B9-D7D2C4B5436D}"
EndProject
Global
	GlobalSection(SolutionConfigurationPlatforms) = preSolution
		Debug|Any CPU = Debug|Any CPU
		Release|Any CPU = Release|Any CPU
	EndGlobalSection
	GlobalSection(ProjectConfigurationPlatforms) = postSolution
		{14CF0349-0A79-4FF3-B3B9-D7D2C4B5436D}.Debug|Any CPU.ActiveCfg = Debug|Any CPU
		{14CF0349-0A79-4FF3-B3B9-D7D2C4B5436D}.Debug|Any CPU.Build.0 = Debug|Any CPU
		{14CF0349-0A79-4FF3-B3B9-D7D2C4B5436D}.Release|Any CPU.ActiveCfg = Release|Any CPU
		{14CF0349-0A79-4FF3-B3B9-D7D2C4B5436D}.Release|Any CPU.Build.0 = Release|Any CPU
	EndGlobalSection
	GlobalSection(SolutionProperties) = preSolution
		HideSolutionNode = FALSE
	EndGlobalSection
	GlobalSection(ExtensibilityGlobals) = postSolution
		SolutionGuid = {6D72C7BB-805D-4BD7-A074-7861F115ECEB}
	EndGlobalSection
EndGlobal
